
Microsoft Visual Studio Solution File, Format Version 12.00
# Visual Studio Version 17
VisualStudioVersion = 17.4.33205.214
MinimumVisualStudioVersion = 10.0.40219.1
Project("{FAE04EC0-301F-11D3-BF4B-00C04F79EFBC}") = "CRUDWebAPI", "CRUDWebAPI\CRUDWebAPI.csproj", "{358A82F0-81F9-41DE-A23B-2EFEB147FE2B}"
EndProject
Global
	GlobalSection(SolutionConfigurationPlatforms) = preSolution
		Debug|Any CPU = Debug|Any CPU
		Release|Any CPU = Release|Any CPU
	EndGlobalSection
	GlobalSection(ProjectConfigurationPlatforms) = postSolution
		{358A82F0-81F9-41DE-A23B-2EFEB147FE2B}.Debug|Any CPU.ActiveCfg = Debug|Any CPU
		{358A82F0-81F9-41DE-A23B-2EFEB147FE2B}.Debug|Any CPU.Build.0 = Debug|Any CPU
		{358A82F0-81F9-41DE-A23B-2EFEB147FE2B}.Release|Any CPU.ActiveCfg = Release|Any CPU
		{358A82F0-81F9-41DE-A23B-2EFEB147FE2B}.Release|Any CPU.Build.0 = Release|Any CPU
	EndGlobalSection
	GlobalSection(SolutionProperties) = preSolution
		HideSolutionNode = FALSE
	EndGlobalSection
	GlobalSection(ExtensibilityGlobals) = postSolution
		SolutionGuid = {CFCAFCB0-9C93-46DC-96B4-D3060F4DC640}
	EndGlobalSection
EndGlobal
